// !$*UTF8*$!
{
	archiveVersion = 1;
	classes = {
	};
	objectVersion = 56;
	objects = {

/* Begin PBXBuildFile section */
		5940F18E299A0765005D6359 /* 按键们.swift in Sources */ = {isa = PBXBuildFile; fileRef = 5940F18D299A0765005D6359 /* 按键们.swift */; };
		5940F21829A04E48005D6359 /* cup.usdz in Resources */ = {isa = PBXBuildFile; fileRef = 5940F21729A04E48005D6359 /* cup.usdz */; };
		5940F21F29A0B729005D6359 /* fender_stratocaster.usdz in Resources */ = {isa = PBXBuildFile; fileRef = 5940F21C29A0B729005D6359 /* fender_stratocaster.usdz */; };
		5940F22029A0B729005D6359 /* teapot.usdz in Resources */ = {isa = PBXBuildFile; fileRef = 5940F21D29A0B729005D6359 /* teapot.usdz */; };
		5940F22129A0B729005D6359 /* pannel.usdz in Resources */ = {isa = PBXBuildFile; fileRef = 5940F21E29A0B729005D6359 /* pannel.usdz */; };
		5940F22E29A18BB8005D6359 /* HeaderandBottomView.swift in Sources */ = {isa = PBXBuildFile; fileRef = 5940F22D29A18BB8005D6359 /* HeaderandBottomView.swift */; };
		5940F23029A18C96005D6359 /* Buttons.swift in Sources */ = {isa = PBXBuildFile; fileRef = 5940F22F29A18C96005D6359 /* Buttons.swift */; };
		5940F26C29A1B06F005D6359 /* ScorellViewOfContent.swift in Sources */ = {isa = PBXBuildFile; fileRef = 5940F26A29A1B06F005D6359 /* ScorellViewOfContent.swift */; };
		5940F26D29A1B06F005D6359 /* LibraryNavigationView.swift in Sources */ = {isa = PBXBuildFile; fileRef = 5940F26B29A1B06F005D6359 /* LibraryNavigationView.swift */; };
		59679119299318E400EDFC7E /* AppDelegate.swift in Sources */ = {isa = PBXBuildFile; fileRef = 59679118299318E400EDFC7E /* AppDelegate.swift */; };
		5967911B299318E400EDFC7E /* ContentView.swift in Sources */ = {isa = PBXBuildFile; fileRef = 5967911A299318E400EDFC7E /* ContentView.swift */; };
		5967911F299318E500EDFC7E /* Assets.xcassets in Resources */ = {isa = PBXBuildFile; fileRef = 5967911E299318E500EDFC7E /* Assets.xcassets */; };
		59679122299318E500EDFC7E /* Preview Assets.xcassets in Resources */ = {isa = PBXBuildFile; fileRef = 59679121299318E500EDFC7E /* Preview Assets.xcassets */; };
		5967912C299318E500EDFC7E /* try2_7Tests.swift in Sources */ = {isa = PBXBuildFile; fileRef = 5967912B299318E500EDFC7E /* try2_7Tests.swift */; };
		59679136299318E500EDFC7E /* try2_7UITests.swift in Sources */ = {isa = PBXBuildFile; fileRef = 59679135299318E500EDFC7E /* try2_7UITests.swift */; };
		59679138299318E500EDFC7E /* try2_7UITestsLaunchTests.swift in Sources */ = {isa = PBXBuildFile; fileRef = 59679137299318E500EDFC7E /* try2_7UITestsLaunchTests.swift */; };
		599307282994E04B00521DD5 /* MessageDocument.swift in Sources */ = {isa = PBXBuildFile; fileRef = 599307272994E04B00521DD5 /* MessageDocument.swift */; };
/* End PBXBuildFile section */

/* Begin PBXContainerItemProxy section */
		59679128299318E500EDFC7E /* PBXContainerItemProxy */ = {
			isa = PBXContainerItemProxy;
			containerPortal = 5967910D299318E400EDFC7E /* Project object */;
			proxyType = 1;
			remoteGlobalIDString = 59679114299318E400EDFC7E;
			remoteInfo = try2.7;
		};
		59679132299318E500EDFC7E /* PBXContainerItemProxy */ = {
			isa = PBXContainerItemProxy;
			containerPortal = 5967910D299318E400EDFC7E /* Project object */;
			proxyType = 1;
			remoteGlobalIDString = 59679114299318E400EDFC7E;
			remoteInfo = try2.7;
		};
/* End PBXContainerItemProxy section */

/* Begin PBXFileReference section */
		5940F18D299A0765005D6359 /* 按键们.swift */ = {isa = PBXFileReference; lastKnownFileType = sourcecode.swift; path = "按键们.swift"; sourceTree = "<group>"; };
		5940F21629A0439D005D6359 /* try2-7-Info.plist */ = {isa = PBXFileReference; lastKnownFileType = text.plist; path = "try2-7-Info.plist"; sourceTree = SOURCE_ROOT; };
		5940F21729A04E48005D6359 /* cup.usdz */ = {isa = PBXFileReference; lastKnownFileType = file.usdz; path = cup.usdz; sourceTree = "<group>"; };
		5940F21C29A0B729005D6359 /* fender_stratocaster.usdz */ = {isa = PBXFileReference; lastKnownFileType = file.usdz; path = fender_stratocaster.usdz; sourceTree = "<group>"; };
		5940F21D29A0B729005D6359 /* teapot.usdz */ = {isa = PBXFileReference; lastKnownFileType = file.usdz; path = teapot.usdz; sourceTree = "<group>"; };
		5940F21E29A0B729005D6359 /* pannel.usdz */ = {isa = PBXFileReference; lastKnownFileType = file.usdz; path = pannel.usdz; sourceTree = "<group>"; };
		5940F22D29A18BB8005D6359 /* HeaderandBottomView.swift */ = {isa = PBXFileReference; lastKnownFileType = sourcecode.swift; path = HeaderandBottomView.swift; sourceTree = "<group>"; };
		5940F22F29A18C96005D6359 /* Buttons.swift */ = {isa = PBXFileReference; lastKnownFileType = sourcecode.swift; path = Buttons.swift; sourceTree = "<group>"; };
		5940F26A29A1B06F005D6359 /* ScorellViewOfContent.swift */ = {isa = PBXFileReference; fileEncoding = 4; lastKnownFileType = sourcecode.swift; path = ScorellViewOfContent.swift; sourceTree = "<group>"; };
		5940F26B29A1B06F005D6359 /* LibraryNavigationView.swift */ = {isa = PBXFileReference; fileEncoding = 4; lastKnownFileType = sourcecode.swift; path = LibraryNavigationView.swift; sourceTree = "<group>"; };
		59679115299318E400EDFC7E /* try2.7.app */ = {isa = PBXFileReference; explicitFileType = wrapper.application; includeInIndex = 0; path = try2.7.app; sourceTree = BUILT_PRODUCTS_DIR; };
		59679118299318E400EDFC7E /* AppDelegate.swift */ = {isa = PBXFileReference; lastKnownFileType = sourcecode.swift; path = AppDelegate.swift; sourceTree = "<group>"; };
		5967911A299318E400EDFC7E /* ContentView.swift */ = {isa = PBXFileReference; lastKnownFileType = sourcecode.swift; path = ContentView.swift; sourceTree = "<group>"; tabWidth = 4; usesTabs = 1; wrapsLines = 1; };
		5967911E299318E500EDFC7E /* Assets.xcassets */ = {isa = PBXFileReference; lastKnownFileType = folder.assetcatalog; path = Assets.xcassets; sourceTree = "<group>"; };
		59679121299318E500EDFC7E /* Preview Assets.xcassets */ = {isa = PBXFileReference; lastKnownFileType = folder.assetcatalog; path = "Preview Assets.xcassets"; sourceTree = "<group>"; };
		59679127299318E500EDFC7E /* try2.7Tests.xctest */ = {isa = PBXFileReference; explicitFileType = wrapper.cfbundle; includeInIndex = 0; path = try2.7Tests.xctest; sourceTree = BUILT_PRODUCTS_DIR; };
		5967912B299318E500EDFC7E /* try2_7Tests.swift */ = {isa = PBXFileReference; lastKnownFileType = sourcecode.swift; path = try2_7Tests.swift; sourceTree = "<group>"; };
		59679131299318E500EDFC7E /* try2.7UITests.xctest */ = {isa = PBXFileReference; explicitFileType = wrapper.cfbundle; includeInIndex = 0; path = try2.7UITests.xctest; sourceTree = BUILT_PRODUCTS_DIR; };
		59679135299318E500EDFC7E /* try2_7UITests.swift */ = {isa = PBXFileReference; lastKnownFileType = sourcecode.swift; path = try2_7UITests.swift; sourceTree = "<group>"; };
		59679137299318E500EDFC7E /* try2_7UITestsLaunchTests.swift */ = {isa = PBXFileReference; lastKnownFileType = sourcecode.swift; path = try2_7UITestsLaunchTests.swift; sourceTree = "<group>"; };
		599307272994E04B00521DD5 /* MessageDocument.swift */ = {isa = PBXFileReference; lastKnownFileType = sourcecode.swift; path = MessageDocument.swift; sourceTree = "<group>"; };
/* End PBXFileReference section */

/* Begin PBXFrameworksBuildPhase section */
		59679112299318E400EDFC7E /* Frameworks */ = {
			isa = PBXFrameworksBuildPhase;
			buildActionMask = 2147483647;
			files = (
			);
			runOnlyForDeploymentPostprocessing = 0;
		};
		59679124299318E500EDFC7E /* Frameworks */ = {
			isa = PBXFrameworksBuildPhase;
			buildActionMask = 2147483647;
			files = (
			);
			runOnlyForDeploymentPostprocessing = 0;
		};
		5967912E299318E500EDFC7E /* Frameworks */ = {
			isa = PBXFrameworksBuildPhase;
			buildActionMask = 2147483647;
			files = (
			);
			runOnlyForDeploymentPostprocessing = 0;
		};
/* End PBXFrameworksBuildPhase section */

/* Begin PBXGroup section */
		5940F21B29A0B729005D6359 /* Models */ = {
			isa = PBXGroup;
			children = (
				5940F21729A04E48005D6359 /* cup.usdz */,
				5940F21C29A0B729005D6359 /* fender_stratocaster.usdz */,
				5940F21D29A0B729005D6359 /* teapot.usdz */,
				5940F21E29A0B729005D6359 /* pannel.usdz */,
			);
			path = Models;
			sourceTree = "<group>";
		};
		5940F22C29A1888B005D6359 /* ARview */ = {
			isa = PBXGroup;
			children = (
				5940F22D29A18BB8005D6359 /* HeaderandBottomView.swift */,
			);
			path = ARview;
			sourceTree = "<group>";
		};
		5940F23129A18CA2005D6359 /* Buttons */ = {
			isa = PBXGroup;
			children = (
				5940F22F29A18C96005D6359 /* Buttons.swift */,
				5940F18D299A0765005D6359 /* 按键们.swift */,
			);
			path = Buttons;
			sourceTree = "<group>";
		};
		5940F26929A1B06F005D6359 /* LibraryView */ = {
			isa = PBXGroup;
			children = (
				5940F26B29A1B06F005D6359 /* LibraryNavigationView.swift */,
				5940F26A29A1B06F005D6359 /* ScorellViewOfContent.swift */,
			);
			name = LibraryView;
			path = ../../NewFeactures/NewFeactures/LibraryView;
			sourceTree = "<group>";
		};
		5967910C299318E400EDFC7E = {
			isa = PBXGroup;
			children = (
				59679117299318E400EDFC7E /* try2.7 */,
				5967912A299318E500EDFC7E /* try2.7Tests */,
				59679134299318E500EDFC7E /* try2.7UITests */,
				59679116299318E400EDFC7E /* Products */,
			);
			sourceTree = "<group>";
		};
		59679116299318E400EDFC7E /* Products */ = {
			isa = PBXGroup;
			children = (
				59679115299318E400EDFC7E /* try2.7.app */,
				59679127299318E500EDFC7E /* try2.7Tests.xctest */,
				59679131299318E500EDFC7E /* try2.7UITests.xctest */,
			);
			name = Products;
			sourceTree = "<group>";
		};
		59679117299318E400EDFC7E /* try2.7 */ = {
			isa = PBXGroup;
			children = (
				5940F21629A0439D005D6359 /* try2-7-Info.plist */,
				59679118299318E400EDFC7E /* AppDelegate.swift */,
				599307272994E04B00521DD5 /* MessageDocument.swift */,
				5967911A299318E400EDFC7E /* ContentView.swift */,
				5940F23129A18CA2005D6359 /* Buttons */,
				5940F22C29A1888B005D6359 /* ARview */,
				5940F26929A1B06F005D6359 /* LibraryView */,
				5940F21B29A0B729005D6359 /* Models */,
				5967911E299318E500EDFC7E /* Assets.xcassets */,
				59679120299318E500EDFC7E /* Preview Content */,
			);
			path = try2.7;
			sourceTree = "<group>";
		};
		59679120299318E500EDFC7E /* Preview Content */ = {
			isa = PBXGroup;
			children = (
				59679121299318E500EDFC7E /* Preview Assets.xcassets */,
			);
			path = "Preview Content";
			sourceTree = "<group>";
		};
		5967912A299318E500EDFC7E /* try2.7Tests */ = {
			isa = PBXGroup;
			children = (
				5967912B299318E500EDFC7E /* try2_7Tests.swift */,
			);
			path = try2.7Tests;
			sourceTree = "<group>";
		};
		59679134299318E500EDFC7E /* try2.7UITests */ = {
			isa = PBXGroup;
			children = (
				59679135299318E500EDFC7E /* try2_7UITests.swift */,
				59679137299318E500EDFC7E /* try2_7UITestsLaunchTests.swift */,
			);
			path = try2.7UITests;
			sourceTree = "<group>";
		};
/* End PBXGroup section */

/* Begin PBXNativeTarget section */
		59679114299318E400EDFC7E /* try2.7 */ = {
			isa = PBXNativeTarget;
			buildConfigurationList = 5967913B299318E500EDFC7E /* Build configuration list for PBXNativeTarget "try2.7" */;
			buildPhases = (
				59679111299318E400EDFC7E /* Sources */,
				59679112299318E400EDFC7E /* Frameworks */,
				59679113299318E400EDFC7E /* Resources */,
			);
			buildRules = (
			);
			dependencies = (
			);
			name = try2.7;
			productName = try2.7;
			productReference = 59679115299318E400EDFC7E /* try2.7.app */;
			productType = "com.apple.product-type.application";
		};
		59679126299318E500EDFC7E /* try2.7Tests */ = {
			isa = PBXNativeTarget;
			buildConfigurationList = 5967913E299318E500EDFC7E /* Build configuration list for PBXNativeTarget "try2.7Tests" */;
			buildPhases = (
				59679123299318E500EDFC7E /* Sources */,
				59679124299318E500EDFC7E /* Frameworks */,
				59679125299318E500EDFC7E /* Resources */,
			);
			buildRules = (
			);
			dependencies = (
				59679129299318E500EDFC7E /* PBXTargetDependency */,
			);
			name = try2.7Tests;
			productName = try2.7Tests;
			productReference = 59679127299318E500EDFC7E /* try2.7Tests.xctest */;
			productType = "com.apple.product-type.bundle.unit-test";
		};
		59679130299318E500EDFC7E /* try2.7UITests */ = {
			isa = PBXNativeTarget;
			buildConfigurationList = 59679141299318E500EDFC7E /* Build configuration list for PBXNativeTarget "try2.7UITests" */;
			buildPhases = (
				5967912D299318E500EDFC7E /* Sources */,
				5967912E299318E500EDFC7E /* Frameworks */,
				5967912F299318E500EDFC7E /* Resources */,
			);
			buildRules = (
			);
			dependencies = (
				59679133299318E500EDFC7E /* PBXTargetDependency */,
			);
			name = try2.7UITests;
			productName = try2.7UITests;
			productReference = 59679131299318E500EDFC7E /* try2.7UITests.xctest */;
			productType = "com.apple.product-type.bundle.ui-testing";
		};
/* End PBXNativeTarget section */

/* Begin PBXProject section */
		5967910D299318E400EDFC7E /* Project object */ = {
			isa = PBXProject;
			attributes = {
				BuildIndependentTargetsInParallel = 1;
				LastSwiftUpdateCheck = 1420;
				LastUpgradeCheck = 1420;
				TargetAttributes = {
					59679114299318E400EDFC7E = {
						CreatedOnToolsVersion = 14.2;
					};
					59679126299318E500EDFC7E = {
						CreatedOnToolsVersion = 14.2;
						TestTargetID = 59679114299318E400EDFC7E;
					};
					59679130299318E500EDFC7E = {
						CreatedOnToolsVersion = 14.2;
						TestTargetID = 59679114299318E400EDFC7E;
					};
				};
			};
			buildConfigurationList = 59679110299318E400EDFC7E /* Build configuration list for PBXProject "try2.7" */;
			compatibilityVersion = "Xcode 14.0";
			developmentRegion = en;
			hasScannedForEncodings = 0;
			knownRegions = (
				en,
				Base,
			);
			mainGroup = 5967910C299318E400EDFC7E;
			productRefGroup = 59679116299318E400EDFC7E /* Products */;
			projectDirPath = "";
			projectRoot = "";
			targets = (
				59679114299318E400EDFC7E /* try2.7 */,
				59679126299318E500EDFC7E /* try2.7Tests */,
				59679130299318E500EDFC7E /* try2.7UITests */,
			);
		};
/* End PBXProject section */

/* Begin PBXResourcesBuildPhase section */
		59679113299318E400EDFC7E /* Resources */ = {
			isa = PBXResourcesBuildPhase;
			buildActionMask = 2147483647;
			files = (
				5940F21F29A0B729005D6359 /* fender_stratocaster.usdz in Resources */,
				5940F22029A0B729005D6359 /* teapot.usdz in Resources */,
				59679122299318E500EDFC7E /* Preview Assets.xcassets in Resources */,
				5940F22129A0B729005D6359 /* pannel.usdz in Resources */,
				5967911F299318E500EDFC7E /* Assets.xcassets in Resources */,
				5940F21829A04E48005D6359 /* cup.usdz in Resources */,
			);
			runOnlyForDeploymentPostprocessing = 0;
		};
		59679125299318E500EDFC7E /* Resources */ = {
			isa = PBXResourcesBuildPhase;
			buildActionMask = 2147483647;
			files = (
			);
			runOnlyForDeploymentPostprocessing = 0;
		};
		5967912F299318E500EDFC7E /* Resources */ = {
			isa = PBXResourcesBuildPhase;
			buildActionMask = 2147483647;
			files = (
			);
			runOnlyForDeploymentPostprocessing = 0;
		};
/* End PBXResourcesBuildPhase section */

/* Begin PBXSourcesBuildPhase section */
		59679111299318E400EDFC7E /* Sources */ = {
			isa = PBXSourcesBuildPhase;
			buildActionMask = 2147483647;
			files = (
				5940F23029A18C96005D6359 /* Buttons.swift in Sources */,
				5940F22E29A18BB8005D6359 /* HeaderandBottomView.swift in Sources */,
				5967911B299318E400EDFC7E /* ContentView.swift in Sources */,
				599307282994E04B00521DD5 /* MessageDocument.swift in Sources */,
				5940F26C29A1B06F005D6359 /* ScorellViewOfContent.swift in Sources */,
				5940F26D29A1B06F005D6359 /* LibraryNavigationView.swift in Sources */,
				59679119299318E400EDFC7E /* AppDelegate.swift in Sources */,
				5940F18E299A0765005D6359 /* 按键们.swift in Sources */,
			);
			runOnlyForDeploymentPostprocessing = 0;
		};
		59679123299318E500EDFC7E /* Sources */ = {
			isa = PBXSourcesBuildPhase;
			buildActionMask = 2147483647;
			files = (
				5967912C299318E500EDFC7E /* try2_7Tests.swift in Sources */,
			);
			runOnlyForDeploymentPostprocessing = 0;
		};
		5967912D299318E500EDFC7E /* Sources */ = {
			isa = PBXSourcesBuildPhase;
			buildActionMask = 2147483647;
			files = (
				59679136299318E500EDFC7E /* try2_7UITests.swift in Sources */,
				59679138299318E500EDFC7E /* try2_7UITestsLaunchTests.swift in Sources */,
			);
			runOnlyForDeploymentPostprocessing = 0;
		};
/* End PBXSourcesBuildPhase section */

/* Begin PBXTargetDependency section */
		59679129299318E500EDFC7E /* PBXTargetDependency */ = {
			isa = PBXTargetDependency;
			target = 59679114299318E400EDFC7E /* try2.7 */;
			targetProxy = 59679128299318E500EDFC7E /* PBXContainerItemProxy */;
		};
		59679133299318E500EDFC7E /* PBXTargetDependency */ = {
			isa = PBXTargetDependency;
			target = 59679114299318E400EDFC7E /* try2.7 */;
			targetProxy = 59679132299318E500EDFC7E /* PBXContainerItemProxy */;
		};
/* End PBXTargetDependency section */

/* Begin XCBuildConfiguration section */
		59679139299318E500EDFC7E /* Debug */ = {
			isa = XCBuildConfiguration;
			buildSettings = {
				ALWAYS_SEARCH_USER_PATHS = NO;
				CLANG_ANALYZER_NONNULL = YES;
				CLANG_ANALYZER_NUMBER_OBJECT_CONVERSION = YES_AGGRESSIVE;
				CLANG_CXX_LANGUAGE_STANDARD = "gnu++20";
				CLANG_ENABLE_MODULES = YES;
				CLANG_ENABLE_OBJC_ARC = YES;
				CLANG_ENABLE_OBJC_WEAK = YES;
				CLANG_WARN_BLOCK_CAPTURE_AUTORELEASING = YES;
				CLANG_WARN_BOOL_CONVERSION = YES;
				CLANG_WARN_COMMA = YES;
				CLANG_WARN_CONSTANT_CONVERSION = YES;
				CLANG_WARN_DEPRECATED_OBJC_IMPLEMENTATIONS = YES;
				CLANG_WARN_DIRECT_OBJC_ISA_USAGE = YES_ERROR;
				CLANG_WARN_DOCUMENTATION_COMMENTS = YES;
				CLANG_WARN_EMPTY_BODY = YES;
				CLANG_WARN_ENUM_CONVERSION = YES;
				CLANG_WARN_INFINITE_RECURSION = YES;
				CLANG_WARN_INT_CONVERSION = YES;
				CLANG_WARN_NON_LITERAL_NULL_CONVERSION = YES;
				CLANG_WARN_OBJC_IMPLICIT_RETAIN_SELF = YES;
				CLANG_WARN_OBJC_LITERAL_CONVERSION = YES;
				CLANG_WARN_OBJC_ROOT_CLASS = YES_ERROR;
				CLANG_WARN_QUOTED_INCLUDE_IN_FRAMEWORK_HEADER = YES;
				CLANG_WARN_RANGE_LOOP_ANALYSIS = YES;
				CLANG_WARN_STRICT_PROTOTYPES = YES;
				CLANG_WARN_SUSPICIOUS_MOVE = YES;
				CLANG_WARN_UNGUARDED_AVAILABILITY = YES_AGGRESSIVE;
				CLANG_WARN_UNREACHABLE_CODE = YES;
				CLANG_WARN__DUPLICATE_METHOD_MATCH = YES;
				COPY_PHASE_STRIP = NO;
				DEBUG_INFORMATION_FORMAT = dwarf;
				ENABLE_STRICT_OBJC_MSGSEND = YES;
				ENABLE_TESTABILITY = YES;
				GCC_C_LANGUAGE_STANDARD = gnu11;
				GCC_DYNAMIC_NO_PIC = NO;
				GCC_NO_COMMON_BLOCKS = YES;
				GCC_OPTIMIZATION_LEVEL = 0;
				GCC_PREPROCESSOR_DEFINITIONS = (
					"DEBUG=1",
					"$(inherited)",
				);
				GCC_WARN_64_TO_32_BIT_CONVERSION = YES;
				GCC_WARN_ABOUT_RETURN_TYPE = YES_ERROR;
				GCC_WARN_UNDECLARED_SELECTOR = YES;
				GCC_WARN_UNINITIALIZED_AUTOS = YES_AGGRESSIVE;
				GCC_WARN_UNUSED_FUNCTION = YES;
				GCC_WARN_UNUSED_VARIABLE = YES;
				IPHONEOS_DEPLOYMENT_TARGET = 16.2;
				MTL_ENABLE_DEBUG_INFO = INCLUDE_SOURCE;
				MTL_FAST_MATH = YES;
				ONLY_ACTIVE_ARCH = YES;
				SDKROOT = iphoneos;
				SWIFT_ACTIVE_COMPILATION_CONDITIONS = DEBUG;
				SWIFT_OPTIMIZATION_LEVEL = "-Onone";
			};
			name = Debug;
		};
		5967913A299318E500EDFC7E /* Release */ = {
			isa = XCBuildConfiguration;
			buildSettings = {
				ALWAYS_SEARCH_USER_PATHS = NO;
				CLANG_ANALYZER_NONNULL = YES;
				CLANG_ANALYZER_NUMBER_OBJECT_CONVERSION = YES_AGGRESSIVE;
				CLANG_CXX_LANGUAGE_STANDARD = "gnu++20";
				CLANG_ENABLE_MODULES = YES;
				CLANG_ENABLE_OBJC_ARC = YES;
				CLANG_ENABLE_OBJC_WEAK = YES;
				CLANG_WARN_BLOCK_CAPTURE_AUTORELEASING = YES;
				CLANG_WARN_BOOL_CONVERSION = YES;
				CLANG_WARN_COMMA = YES;
				CLANG_WARN_CONSTANT_CONVERSION = YES;
				CLANG_WARN_DEPRECATED_OBJC_IMPLEMENTATIONS = YES;
				CLANG_WARN_DIRECT_OBJC_ISA_USAGE = YES_ERROR;
				CLANG_WARN_DOCUMENTATION_COMMENTS = YES;
				CLANG_WARN_EMPTY_BODY = YES;
				CLANG_WARN_ENUM_CONVERSION = YES;
				CLANG_WARN_INFINITE_RECURSION = YES;
				CLANG_WARN_INT_CONVERSION = YES;
				CLANG_WARN_NON_LITERAL_NULL_CONVERSION = YES;
				CLANG_WARN_OBJC_IMPLICIT_RETAIN_SELF = YES;
				CLANG_WARN_OBJC_LITERAL_CONVERSION = YES;
				CLANG_WARN_OBJC_ROOT_CLASS = YES_ERROR;
				CLANG_WARN_QUOTED_INCLUDE_IN_FRAMEWORK_HEADER = YES;
				CLANG_WARN_RANGE_LOOP_ANALYSIS = YES;
				CLANG_WARN_STRICT_PROTOTYPES = YES;
				CLANG_WARN_SUSPICIOUS_MOVE = YES;
				CLANG_WARN_UNGUARDED_AVAILABILITY = YES_AGGRESSIVE;
				CLANG_WARN_UNREACHABLE_CODE = YES;
				CLANG_WARN__DUPLICATE_METHOD_MATCH = YES;
				COPY_PHASE_STRIP = NO;
				DEBUG_INFORMATION_FORMAT = "dwarf-with-dsym";
				ENABLE_NS_ASSERTIONS = NO;
				ENABLE_STRICT_OBJC_MSGSEND = YES;
				GCC_C_LANGUAGE_STANDARD = gnu11;
				GCC_NO_COMMON_BLOCKS = YES;
				GCC_WARN_64_TO_32_BIT_CONVERSION = YES;
				GCC_WARN_ABOUT_RETURN_TYPE = YES_ERROR;
				GCC_WARN_UNDECLARED_SELECTOR = YES;
				GCC_WARN_UNINITIALIZED_AUTOS = YES_AGGRESSIVE;
				GCC_WARN_UNUSED_FUNCTION = YES;
				GCC_WARN_UNUSED_VARIABLE = YES;
				IPHONEOS_DEPLOYMENT_TARGET = 16.2;
				MTL_ENABLE_DEBUG_INFO = NO;
				MTL_FAST_MATH = YES;
				SDKROOT = iphoneos;
				SWIFT_COMPILATION_MODE = wholemodule;
				SWIFT_OPTIMIZATION_LEVEL = "-O";
				VALIDATE_PRODUCT = YES;
			};
			name = Release;
		};
		5967913C299318E500EDFC7E /* Debug */ = {
			isa = XCBuildConfiguration;
			buildSettings = {
				ASSETCATALOG_COMPILER_APPICON_NAME = AppIcon;
				ASSETCATALOG_COMPILER_GLOBAL_ACCENT_COLOR_NAME = AccentColor;
				CODE_SIGN_STYLE = Automatic;
				CURRENT_PROJECT_VERSION = 1;
				DEVELOPMENT_ASSET_PATHS = "\"try2.7/Preview Content\"";
				DEVELOPMENT_TEAM = VL3278J4UT;
				ENABLE_PREVIEWS = YES;
				GENERATE_INFOPLIST_FILE = YES;
				INFOPLIST_FILE = "try2-7-Info.plist";
				INFOPLIST_KEY_CFBundleDisplayName = "";
				INFOPLIST_KEY_LSApplicationCategoryType = "public.app-category.utilities";
				INFOPLIST_KEY_LSSupportsOpeningDocumentsInPlace = YES;
				INFOPLIST_KEY_NSCameraUsageDescription = "Reauired to use Camera";
				INFOPLIST_KEY_NSPhotoLibraryUsageDescription = "Required to save AR Pictures in Photo Library";
				INFOPLIST_KEY_UIApplicationSupportsIndirectInputEvents = YES;
				INFOPLIST_KEY_UILaunchScreen_Generation = YES;
				INFOPLIST_KEY_UIRequiredDeviceCapabilities = arkit;
				INFOPLIST_KEY_UIRequiresFullScreen = NO;
				INFOPLIST_KEY_UIStatusBarHidden = YES;
				INFOPLIST_KEY_UISupportedInterfaceOrientations_iPad = "UIInterfaceOrientationPortrait UIInterfaceOrientationPortraitUpsideDown UIInterfaceOrientationLandscapeLeft UIInterfaceOrientationLandscapeRight";
				INFOPLIST_KEY_UISupportedInterfaceOrientations_iPhone = "UIInterfaceOrientationPortrait UIInterfaceOrientationLandscapeLeft UIInterfaceOrientationLandscapeRight";
				LD_RUNPATH_SEARCH_PATHS = (
					"$(inherited)",
					"@executable_path/Frameworks",
				);
				MARKETING_VERSION = 1.0;
				PRODUCT_BUNDLE_IDENTIFIER = "Ray3201.try2-7";
				PRODUCT_NAME = "$(TARGET_NAME)";
				SUPPORTED_PLATFORMS = "iphoneos iphonesimulator";
				SUPPORTS_MACCATALYST = NO;
				SUPPORTS_MAC_DESIGNED_FOR_IPHONE_IPAD = NO;
				SWIFT_EMIT_LOC_STRINGS = YES;
				SWIFT_VERSION = 5.0;
				TARGETED_DEVICE_FAMILY = "1,2";
			};
			name = Debug;
		};
		5967913D299318E500EDFC7E /* Release */ = {
			isa = XCBuildConfiguration;
			buildSettings = {
				ASSETCATALOG_COMPILER_APPICON_NAME = AppIcon;
				ASSETCATALOG_COMPILER_GLOBAL_ACCENT_COLOR_NAME = AccentColor;
				CODE_SIGN_STYLE = Automatic;
				CURRENT_PROJECT_VERSION = 1;
				DEVELOPMENT_ASSET_PATHS = "\"try2.7/Preview Content\"";
				DEVELOPMENT_TEAM = VL3278J4UT;
				ENABLE_PREVIEWS = YES;
				GENERATE_INFOPLIST_FILE = YES;
				INFOPLIST_FILE = "try2-7-Info.plist";
				INFOPLIST_KEY_CFBundleDisplayName = "";
				INFOPLIST_KEY_LSApplicationCategoryType = "public.app-category.utilities";
				INFOPLIST_KEY_LSSupportsOpeningDocumentsInPlace = YES;
				INFOPLIST_KEY_NSCameraUsageDescription = "Reauired to use Camera";
				INFOPLIST_KEY_NSPhotoLibraryUsageDescription = "Required to save AR Pictures in Photo Library";
				INFOPLIST_KEY_UIApplicationSupportsIndirectInputEvents = YES;
				INFOPLIST_KEY_UILaunchScreen_Generation = YES;
				INFOPLIST_KEY_UIRequiredDeviceCapabilities = arkit;
				INFOPLIST_KEY_UIRequiresFullScreen = NO;
				INFOPLIST_KEY_UIStatusBarHidden = YES;
				INFOPLIST_KEY_UISupportedInterfaceOrientations_iPad = "UIInterfaceOrientationPortrait UIInterfaceOrientationPortraitUpsideDown UIInterfaceOrientationLandscapeLeft UIInterfaceOrientationLandscapeRight";
				INFOPLIST_KEY_UISupportedInterfaceOrientations_iPhone = "UIInterfaceOrientationPortrait UIInterfaceOrientationLandscapeLeft UIInterfaceOrientationLandscapeRight";
				LD_RUNPATH_SEARCH_PATHS = (
					"$(inherited)",
					"@executable_path/Frameworks",
				);
				MARKETING_VERSION = 1.0;
				PRODUCT_BUNDLE_IDENTIFIER = "Ray3201.try2-7";
				PRODUCT_NAME = "$(TARGET_NAME)";
				SUPPORTED_PLATFORMS = "iphoneos iphonesimulator";
				SUPPORTS_MACCATALYST = NO;
				SUPPORTS_MAC_DESIGNED_FOR_IPHONE_IPAD = NO;
				SWIFT_EMIT_LOC_STRINGS = YES;
				SWIFT_VERSION = 5.0;
				TARGETED_DEVICE_FAMILY = "1,2";
			};
			name = Release;
		};
		5967913F299318E500EDFC7E /* Debug */ = {
			isa = XCBuildConfiguration;
			buildSettings = {
				ALWAYS_EMBED_SWIFT_STANDARD_LIBRARIES = YES;
				BUNDLE_LOADER = "$(TEST_HOST)";
				CODE_SIGN_STYLE = Automatic;
				CURRENT_PROJECT_VERSION = 1;
				DEVELOPMENT_TEAM = VL3278J4UT;
				GENERATE_INFOPLIST_FILE = YES;
				IPHONEOS_DEPLOYMENT_TARGET = 16.2;
				MARKETING_VERSION = 1.0;
				PRODUCT_BUNDLE_IDENTIFIER = "Ray3201.try2-7Tests";
				PRODUCT_NAME = "$(TARGET_NAME)";
				SWIFT_EMIT_LOC_STRINGS = NO;
				SWIFT_VERSION = 5.0;
				TARGETED_DEVICE_FAMILY = "1,2";
				TEST_HOST = "$(BUILT_PRODUCTS_DIR)/try2.7.app/$(BUNDLE_EXECUTABLE_FOLDER_PATH)/try2.7";
			};
			name = Debug;
		};
		59679140299318E500EDFC7E /* Release */ = {
			isa = XCBuildConfiguration;
			buildSettings = {
				ALWAYS_EMBED_SWIFT_STANDARD_LIBRARIES = YES;
				BUNDLE_LOADER = "$(TEST_HOST)";
				CODE_SIGN_STYLE = Automatic;
				CURRENT_PROJECT_VERSION = 1;
				DEVELOPMENT_TEAM = VL3278J4UT;
				GENERATE_INFOPLIST_FILE = YES;
				IPHONEOS_DEPLOYMENT_TARGET = 16.2;
				MARKETING_VERSION = 1.0;
				PRODUCT_BUNDLE_IDENTIFIER = "Ray3201.try2-7Tests";
				PRODUCT_NAME = "$(TARGET_NAME)";
				SWIFT_EMIT_LOC_STRINGS = NO;
				SWIFT_VERSION = 5.0;
				TARGETED_DEVICE_FAMILY = "1,2";
				TEST_HOST = "$(BUILT_PRODUCTS_DIR)/try2.7.app/$(BUNDLE_EXECUTABLE_FOLDER_PATH)/try2.7";
			};
			name = Release;
		};
		59679142299318E500EDFC7E /* Debug */ = {
			isa = XCBuildConfiguration;
			buildSettings = {
				ALWAYS_EMBED_SWIFT_STANDARD_LIBRARIES = YES;
				CODE_SIGN_STYLE = Automatic;
				CURRENT_PROJECT_VERSION = 1;
				DEVELOPMENT_TEAM = VL3278J4UT;
				GENERATE_INFOPLIST_FILE = YES;
				MARKETING_VERSION = 1.0;
				PRODUCT_BUNDLE_IDENTIFIER = "Ray3201.try2-7UITests";
				PRODUCT_NAME = "$(TARGET_NAME)";
				SWIFT_EMIT_LOC_STRINGS = NO;
				SWIFT_VERSION = 5.0;
				TARGETED_DEVICE_FAMILY = "1,2";
				TEST_TARGET_NAME = try2.7;
			};
			name = Debug;
		};
		59679143299318E500EDFC7E /* Release */ = {
			isa = XCBuildConfiguration;
			buildSettings = {
				ALWAYS_EMBED_SWIFT_STANDARD_LIBRARIES = YES;
				CODE_SIGN_STYLE = Automatic;
				CURRENT_PROJECT_VERSION = 1;
				DEVELOPMENT_TEAM = VL3278J4UT;
				GENERATE_INFOPLIST_FILE = YES;
				MARKETING_VERSION = 1.0;
				PRODUCT_BUNDLE_IDENTIFIER = "Ray3201.try2-7UITests";
				PRODUCT_NAME = "$(TARGET_NAME)";
				SWIFT_EMIT_LOC_STRINGS = NO;
				SWIFT_VERSION = 5.0;
				TARGETED_DEVICE_FAMILY = "1,2";
				TEST_TARGET_NAME = try2.7;
			};
			name = Release;
		};
/* End XCBuildConfiguration section */

/* Begin XCConfigurationList section */
		59679110299318E400EDFC7E /* Build configuration list for PBXProject "try2.7" */ = {
			isa = XCConfigurationList;
			buildConfigurations = (
				59679139299318E500EDFC7E /* Debug */,
				5967913A299318E500EDFC7E /* Release */,
			);
			defaultConfigurationIsVisible = 0;
			defaultConfigurationName = Release;
		};
		5967913B299318E500EDFC7E /* Build configuration list for PBXNativeTarget "try2.7" */ = {
			isa = XCConfigurationList;
			buildConfigurations = (
				5967913C299318E500EDFC7E /* Debug */,
				5967913D299318E500EDFC7E /* Release */,
			);
			defaultConfigurationIsVisible = 0;
			defaultConfigurationName = Release;
		};
		5967913E299318E500EDFC7E /* Build configuration list for PBXNativeTarget "try2.7Tests" */ = {
			isa = XCConfigurationList;
			buildConfigurations = (
				5967913F299318E500EDFC7E /* Debug */,
				59679140299318E500EDFC7E /* Release */,
			);
			defaultConfigurationIsVisible = 0;
			defaultConfigurationName = Release;
		};
		59679141299318E500EDFC7E /* Build configuration list for PBXNativeTarget "try2.7UITests" */ = {
			isa = XCConfigurationList;
			buildConfigurations = (
				59679142299318E500EDFC7E /* Debug */,
				59679143299318E500EDFC7E /* Release */,
			);
			defaultConfigurationIsVisible = 0;
			defaultConfigurationName = Release;
		};
/* End XCConfigurationList section */
	};
	rootObject = 5967910D299318E400EDFC7E /* Project object */;
}
